
Microsoft Visual Studio Solution File, Format Version 12.00
# Visual Studio Version 17
VisualStudioVersion = 17.6.33712.159
MinimumVisualStudioVersion = 10.0.40219.1
Project("{FAE04EC0-301F-11D3-BF4B-00C04F79EFBC}") = "AppQuarta", "AppQuarta\AppQuarta.csproj", "{701ECE88-2731-4D7B-A837-49E181EBF43D}"
EndProject
Global
	GlobalSection(SolutionConfigurationPlatforms) = preSolution
		Debug|Any CPU = Debug|Any CPU
		Release|Any CPU = Release|Any CPU
	EndGlobalSection
	GlobalSection(ProjectConfigurationPlatforms) = postSolution
		{701ECE88-2731-4D7B-A837-49E181EBF43D}.Debug|Any CPU.ActiveCfg = Debug|Any CPU
		{701ECE88-2731-4D7B-A837-49E181EBF43D}.Debug|Any CPU.Build.0 = Debug|Any CPU
		{701ECE88-2731-4D7B-A837-49E181EBF43D}.Release|Any CPU.ActiveCfg = Release|Any CPU
		{701ECE88-2731-4D7B-A837-49E181EBF43D}.Release|Any CPU.Build.0 = Release|Any CPU
	EndGlobalSection
	GlobalSection(SolutionProperties) = preSolution
		HideSolutionNode = FALSE
	EndGlobalSection
	GlobalSection(ExtensibilityGlobals) = postSolution
		SolutionGuid = {3F9235EA-F5F3-4132-887C-CC85CCF6C037}
	EndGlobalSection
EndGlobal
